
Microsoft Visual Studio Solution File, Format Version 11.00
# Visual Studio 2010
Project("{FAE04EC0-301F-11D3-BF4B-00C04F79EFBC}") = "LaserGestures", "LaserGestures\LaserGestures.csproj", "{2EBFCDED-A13F-48FB-B375-5E85CA5E488D}"
EndProject
Global
	GlobalSection(SolutionConfigurationPlatforms) = preSolution
		Debug|x86 = Debug|x86
		Release|x86 = Release|x86
	EndGlobalSection
	GlobalSection(ProjectConfigurationPlatforms) = postSolution
		{2EBFCDED-A13F-48FB-B375-5E85CA5E488D}.Debug|x86.ActiveCfg = Debug|x86
		{2EBFCDED-A13F-48FB-B375-5E85CA5E488D}.Debug|x86.Build.0 = Debug|x86
		{2EBFCDED-A13F-48FB-B375-5E85CA5E488D}.Release|x86.ActiveCfg = Release|x86
		{2EBFCDED-A13F-48FB-B375-5E85CA5E488D}.Release|x86.Build.0 = Release|x86
	EndGlobalSection
	GlobalSection(SolutionProperties) = preSolution
		HideSolutionNode = FALSE
	EndGlobalSection
EndGlobal
